// !$*UTF8*$!
{
	archiveVersion = 1;
	classes = {
	};
	objectVersion = 50;
	objects = {

/* Begin PBXBuildFile section */
		A3A66A3425481CA400423CEB /* main.c in Sources */ = {isa = PBXBuildFile; fileRef = A3A66A3325481CA400423CEB /* main.c */; };
		A3A66A3D25481DBB00423CEB /* ft_strlen.c in Sources */ = {isa = PBXBuildFile; fileRef = A3A66A3C25481DBB00423CEB /* ft_strlen.c */; };
		A3A66A4525481FAD00423CEB /* test_strlen.c in Sources */ = {isa = PBXBuildFile; fileRef = A3A66A4425481FAD00423CEB /* test_strlen.c */; };
		A3A66A482548227000423CEB /* ft_is_alpha.c in Sources */ = {isa = PBXBuildFile; fileRef = A3A66A472548227000423CEB /* ft_is_alpha.c */; };
		A3A66A4C254823A000423CEB /* test_is_alpha.c in Sources */ = {isa = PBXBuildFile; fileRef = A3A66A4B254823A000423CEB /* test_is_alpha.c */; };
/* End PBXBuildFile section */

/* Begin PBXCopyFilesBuildPhase section */
		A3A66A2E25481CA400423CEB /* CopyFiles */ = {
			isa = PBXCopyFilesBuildPhase;
			buildActionMask = 2147483647;
			dstPath = /usr/share/man/man1/;
			dstSubfolderSpec = 0;
			files = (
			);
			runOnlyForDeploymentPostprocessing = 1;
		};
/* End PBXCopyFilesBuildPhase section */

/* Begin PBXFileReference section */
		A3A66A3025481CA400423CEB /* lib_ft */ = {isa = PBXFileReference; explicitFileType = "compiled.mach-o.executable"; includeInIndex = 0; path = lib_ft; sourceTree = BUILT_PRODUCTS_DIR; };
		A3A66A3325481CA400423CEB /* main.c */ = {isa = PBXFileReference; lastKnownFileType = sourcecode.c.c; path = main.c; sourceTree = "<group>"; };
		A3A66A3C25481DBB00423CEB /* ft_strlen.c */ = {isa = PBXFileReference; fileEncoding = 4; lastKnownFileType = sourcecode.c.c; path = ft_strlen.c; sourceTree = "<group>"; };
		A3A66A3F25481E1000423CEB /* lib_ft.h */ = {isa = PBXFileReference; lastKnownFileType = sourcecode.c.h; path = lib_ft.h; sourceTree = "<group>"; };
		A3A66A4225481EE600423CEB /* test_lib_ft.h */ = {isa = PBXFileReference; lastKnownFileType = sourcecode.c.h; path = test_lib_ft.h; sourceTree = "<group>"; };
		A3A66A4425481FAD00423CEB /* test_strlen.c */ = {isa = PBXFileReference; lastKnownFileType = sourcecode.c.c; path = test_strlen.c; sourceTree = "<group>"; };
		A3A66A472548227000423CEB /* ft_is_alpha.c */ = {isa = PBXFileReference; fileEncoding = 4; lastKnownFileType = sourcecode.c.c; path = ft_is_alpha.c; sourceTree = "<group>"; };
		A3A66A4B254823A000423CEB /* test_is_alpha.c */ = {isa = PBXFileReference; lastKnownFileType = sourcecode.c.c; path = test_is_alpha.c; sourceTree = "<group>"; };
/* End PBXFileReference section */

/* Begin PBXFrameworksBuildPhase section */
		A3A66A2D25481CA400423CEB /* Frameworks */ = {
			isa = PBXFrameworksBuildPhase;
			buildActionMask = 2147483647;
			files = (
			);
			runOnlyForDeploymentPostprocessing = 0;
		};
/* End PBXFrameworksBuildPhase section */

/* Begin PBXGroup section */
		A3A66A2725481CA400423CEB = {
			isa = PBXGroup;
			children = (
				A3A66A3225481CA400423CEB /* lib_ft */,
				A3A66A3125481CA400423CEB /* Products */,
			);
			sourceTree = "<group>";
		};
		A3A66A3125481CA400423CEB /* Products */ = {
			isa = PBXGroup;
			children = (
				A3A66A3025481CA400423CEB /* lib_ft */,
			);
			name = Products;
			sourceTree = "<group>";
		};
		A3A66A3225481CA400423CEB /* lib_ft */ = {
			isa = PBXGroup;
			children = (
				A3A66A4125481EBF00423CEB /* tests */,
				A3A66A3B25481DBB00423CEB /* functions */,
				A3A66A3325481CA400423CEB /* main.c */,
			);
			path = lib_ft;
			sourceTree = "<group>";
		};
		A3A66A3B25481DBB00423CEB /* functions */ = {
			isa = PBXGroup;
			children = (
				A3A66A472548227000423CEB /* ft_is_alpha.c */,
				A3A66A3C25481DBB00423CEB /* ft_strlen.c */,
				A3A66A3F25481E1000423CEB /* lib_ft.h */,
			);
			path = functions;
			sourceTree = "<group>";
		};
		A3A66A4125481EBF00423CEB /* tests */ = {
			isa = PBXGroup;
			children = (
				A3A66A4225481EE600423CEB /* test_lib_ft.h */,
				A3A66A4425481FAD00423CEB /* test_strlen.c */,
				A3A66A4B254823A000423CEB /* test_is_alpha.c */,
			);
			path = tests;
			sourceTree = "<group>";
		};
/* End PBXGroup section */

/* Begin PBXNativeTarget section */
		A3A66A2F25481CA400423CEB /* lib_ft */ = {
			isa = PBXNativeTarget;
			buildConfigurationList = A3A66A3725481CA400423CEB /* Build configuration list for PBXNativeTarget "lib_ft" */;
			buildPhases = (
				A3A66A2C25481CA400423CEB /* Sources */,
				A3A66A2D25481CA400423CEB /* Frameworks */,
				A3A66A2E25481CA400423CEB /* CopyFiles */,
			);
			buildRules = (
			);
			dependencies = (
			);
			name = lib_ft;
			productName = lib_ft;
			productReference = A3A66A3025481CA400423CEB /* lib_ft */;
			productType = "com.apple.product-type.tool";
		};
/* End PBXNativeTarget section */

/* Begin PBXProject section */
		A3A66A2825481CA400423CEB /* Project object */ = {
			isa = PBXProject;
			attributes = {
				LastUpgradeCheck = 1210;
				TargetAttributes = {
					A3A66A2F25481CA400423CEB = {
						CreatedOnToolsVersion = 12.1;
					};
				};
			};
			buildConfigurationList = A3A66A2B25481CA400423CEB /* Build configuration list for PBXProject "lib_ft" */;
			compatibilityVersion = "Xcode 9.3";
			developmentRegion = en;
			hasScannedForEncodings = 0;
			knownRegions = (
				en,
				Base,
			);
			mainGroup = A3A66A2725481CA400423CEB;
			productRefGroup = A3A66A3125481CA400423CEB /* Products */;
			projectDirPath = "";
			projectRoot = "";
			targets = (
				A3A66A2F25481CA400423CEB /* lib_ft */,
			);
		};
/* End PBXProject section */

/* Begin PBXSourcesBuildPhase section */
		A3A66A2C25481CA400423CEB /* Sources */ = {
			isa = PBXSourcesBuildPhase;
			buildActionMask = 2147483647;
			files = (
				A3A66A482548227000423CEB /* ft_is_alpha.c in Sources */,
				A3A66A3425481CA400423CEB /* main.c in Sources */,
				A3A66A3D25481DBB00423CEB /* ft_strlen.c in Sources */,
				A3A66A4C254823A000423CEB /* test_is_alpha.c in Sources */,
				A3A66A4525481FAD00423CEB /* test_strlen.c in Sources */,
			);
			runOnlyForDeploymentPostprocessing = 0;
		};
/* End PBXSourcesBuildPhase section */

/* Begin XCBuildConfiguration section */
		A3A66A3525481CA400423CEB /* Debug */ = {
			isa = XCBuildConfiguration;
			buildSettings = {
				ALWAYS_SEARCH_USER_PATHS = NO;
				CLANG_ANALYZER_NONNULL = YES;
				CLANG_ANALYZER_NUMBER_OBJECT_CONVERSION = YES_AGGRESSIVE;
				CLANG_CXX_LANGUAGE_STANDARD = "gnu++14";
				CLANG_CXX_LIBRARY = "libc++";
				CLANG_ENABLE_MODULES = YES;
				CLANG_ENABLE_OBJC_ARC = YES;
				CLANG_ENABLE_OBJC_WEAK = YES;
				CLANG_WARN_BLOCK_CAPTURE_AUTORELEASING = YES;
				CLANG_WARN_BOOL_CONVERSION = YES;
				CLANG_WARN_COMMA = YES;
				CLANG_WARN_CONSTANT_CONVERSION = YES;
				CLANG_WARN_DEPRECATED_OBJC_IMPLEMENTATIONS = YES;
				CLANG_WARN_DIRECT_OBJC_ISA_USAGE = YES_ERROR;
				CLANG_WARN_DOCUMENTATION_COMMENTS = YES;
				CLANG_WARN_EMPTY_BODY = YES;
				CLANG_WARN_ENUM_CONVERSION = YES;
				CLANG_WARN_INFINITE_RECURSION = YES;
				CLANG_WARN_INT_CONVERSION = YES;
				CLANG_WARN_NON_LITERAL_NULL_CONVERSION = YES;
				CLANG_WARN_OBJC_IMPLICIT_RETAIN_SELF = YES;
				CLANG_WARN_OBJC_LITERAL_CONVERSION = YES;
				CLANG_WARN_OBJC_ROOT_CLASS = YES_ERROR;
				CLANG_WARN_QUOTED_INCLUDE_IN_FRAMEWORK_HEADER = YES;
				CLANG_WARN_RANGE_LOOP_ANALYSIS = YES;
				CLANG_WARN_STRICT_PROTOTYPES = YES;
				CLANG_WARN_SUSPICIOUS_MOVE = YES;
				CLANG_WARN_UNGUARDED_AVAILABILITY = YES_AGGRESSIVE;
				CLANG_WARN_UNREACHABLE_CODE = YES;
				CLANG_WARN__DUPLICATE_METHOD_MATCH = YES;
				COPY_PHASE_STRIP = NO;
				DEBUG_INFORMATION_FORMAT = dwarf;
				ENABLE_STRICT_OBJC_MSGSEND = YES;
				ENABLE_TESTABILITY = YES;
				GCC_C_LANGUAGE_STANDARD = gnu11;
				GCC_DYNAMIC_NO_PIC = NO;
				GCC_NO_COMMON_BLOCKS = YES;
				GCC_OPTIMIZATION_LEVEL = 0;
				GCC_PREPROCESSOR_DEFINITIONS = (
					"DEBUG=1",
					"$(inherited)",
				);
				GCC_WARN_64_TO_32_BIT_CONVERSION = YES;
				GCC_WARN_ABOUT_RETURN_TYPE = YES_ERROR;
				GCC_WARN_UNDECLARED_SELECTOR = YES;
				GCC_WARN_UNINITIALIZED_AUTOS = YES_AGGRESSIVE;
				GCC_WARN_UNUSED_FUNCTION = YES;
				GCC_WARN_UNUSED_VARIABLE = YES;
				MACOSX_DEPLOYMENT_TARGET = 10.15;
				MTL_ENABLE_DEBUG_INFO = INCLUDE_SOURCE;
				MTL_FAST_MATH = YES;
				ONLY_ACTIVE_ARCH = YES;
				SDKROOT = macosx;
			};
			name = Debug;
		};
		A3A66A3625481CA400423CEB /* Release */ = {
			isa = XCBuildConfiguration;
			buildSettings = {
				ALWAYS_SEARCH_USER_PATHS = NO;
				CLANG_ANALYZER_NONNULL = YES;
				CLANG_ANALYZER_NUMBER_OBJECT_CONVERSION = YES_AGGRESSIVE;
				CLANG_CXX_LANGUAGE_STANDARD = "gnu++14";
				CLANG_CXX_LIBRARY = "libc++";
				CLANG_ENABLE_MODULES = YES;
				CLANG_ENABLE_OBJC_ARC = YES;
				CLANG_ENABLE_OBJC_WEAK = YES;
				CLANG_WARN_BLOCK_CAPTURE_AUTORELEASING = YES;
				CLANG_WARN_BOOL_CONVERSION = YES;
				CLANG_WARN_COMMA = YES;
				CLANG_WARN_CONSTANT_CONVERSION = YES;
				CLANG_WARN_DEPRECATED_OBJC_IMPLEMENTATIONS = YES;
				CLANG_WARN_DIRECT_OBJC_ISA_USAGE = YES_ERROR;
				CLANG_WARN_DOCUMENTATION_COMMENTS = YES;
				CLANG_WARN_EMPTY_BODY = YES;
				CLANG_WARN_ENUM_CONVERSION = YES;
				CLANG_WARN_INFINITE_RECURSION = YES;
				CLANG_WARN_INT_CONVERSION = YES;
				CLANG_WARN_NON_LITERAL_NULL_CONVERSION = YES;
				CLANG_WARN_OBJC_IMPLICIT_RETAIN_SELF = YES;
				CLANG_WARN_OBJC_LITERAL_CONVERSION = YES;
				CLANG_WARN_OBJC_ROOT_CLASS = YES_ERROR;
				CLANG_WARN_QUOTED_INCLUDE_IN_FRAMEWORK_HEADER = YES;
				CLANG_WARN_RANGE_LOOP_ANALYSIS = YES;
				CLANG_WARN_STRICT_PROTOTYPES = YES;
				CLANG_WARN_SUSPICIOUS_MOVE = YES;
				CLANG_WARN_UNGUARDED_AVAILABILITY = YES_AGGRESSIVE;
				CLANG_WARN_UNREACHABLE_CODE = YES;
				CLANG_WARN__DUPLICATE_METHOD_MATCH = YES;
				COPY_PHASE_STRIP = NO;
				DEBUG_INFORMATION_FORMAT = "dwarf-with-dsym";
				ENABLE_NS_ASSERTIONS = NO;
				ENABLE_STRICT_OBJC_MSGSEND = YES;
				GCC_C_LANGUAGE_STANDARD = gnu11;
				GCC_NO_COMMON_BLOCKS = YES;
				GCC_WARN_64_TO_32_BIT_CONVERSION = YES;
				GCC_WARN_ABOUT_RETURN_TYPE = YES_ERROR;
				GCC_WARN_UNDECLARED_SELECTOR = YES;
				GCC_WARN_UNINITIALIZED_AUTOS = YES_AGGRESSIVE;
				GCC_WARN_UNUSED_FUNCTION = YES;
				GCC_WARN_UNUSED_VARIABLE = YES;
				MACOSX_DEPLOYMENT_TARGET = 10.15;
				MTL_ENABLE_DEBUG_INFO = NO;
				MTL_FAST_MATH = YES;
				SDKROOT = macosx;
			};
			name = Release;
		};
		A3A66A3825481CA400423CEB /* Debug */ = {
			isa = XCBuildConfiguration;
			buildSettings = {
				CODE_SIGN_STYLE = Automatic;
				PRODUCT_NAME = "$(TARGET_NAME)";
			};
			name = Debug;
		};
		A3A66A3925481CA400423CEB /* Release */ = {
			isa = XCBuildConfiguration;
			buildSettings = {
				CODE_SIGN_STYLE = Automatic;
				PRODUCT_NAME = "$(TARGET_NAME)";
			};
			name = Release;
		};
/* End XCBuildConfiguration section */

/* Begin XCConfigurationList section */
		A3A66A2B25481CA400423CEB /* Build configuration list for PBXProject "lib_ft" */ = {
			isa = XCConfigurationList;
			buildConfigurations = (
				A3A66A3525481CA400423CEB /* Debug */,
				A3A66A3625481CA400423CEB /* Release */,
			);
			defaultConfigurationIsVisible = 0;
			defaultConfigurationName = Release;
		};
		A3A66A3725481CA400423CEB /* Build configuration list for PBXNativeTarget "lib_ft" */ = {
			isa = XCConfigurationList;
			buildConfigurations = (
				A3A66A3825481CA400423CEB /* Debug */,
				A3A66A3925481CA400423CEB /* Release */,
			);
			defaultConfigurationIsVisible = 0;
			defaultConfigurationName = Release;
		};
/* End XCConfigurationList section */
	};
	rootObject = A3A66A2825481CA400423CEB /* Project object */;
}
