// !$*UTF8*$!
{
	archiveVersion = 1;
	classes = {
	};
	objectVersion = 50;
	objects = {

/* Begin PBXBuildFile section */
		0D061926254EB831008C91AD /* ft_calloc.c in Sources */ = {isa = PBXBuildFile; fileRef = 0D061925254EB831008C91AD /* ft_calloc.c */; };
		0D061928254EB8F5008C91AD /* ft_memcmp.c in Sources */ = {isa = PBXBuildFile; fileRef = 0D061927254EB8F5008C91AD /* ft_memcmp.c */; };
		0D06192A254EB94E008C91AD /* ft_strlcat.c in Sources */ = {isa = PBXBuildFile; fileRef = 0D061929254EB94E008C91AD /* ft_strlcat.c */; };
		0D06192C254EB96E008C91AD /* ft_strlcpy.c in Sources */ = {isa = PBXBuildFile; fileRef = 0D06192B254EB96E008C91AD /* ft_strlcpy.c */; };
		0D06192E254EBAC3008C91AD /* test_ft_calloc.c in Sources */ = {isa = PBXBuildFile; fileRef = 0D06192D254EBAC3008C91AD /* test_ft_calloc.c */; };
		0D061930254EBAF8008C91AD /* test_ft_memchr.c in Sources */ = {isa = PBXBuildFile; fileRef = 0D06192F254EBAF8008C91AD /* test_ft_memchr.c */; };
		0D061932254EBB2B008C91AD /* test_ft_memcmp.c in Sources */ = {isa = PBXBuildFile; fileRef = 0D061931254EBB2B008C91AD /* test_ft_memcmp.c */; };
		0D061934254EBB60008C91AD /* test_ft_strlcat.c in Sources */ = {isa = PBXBuildFile; fileRef = 0D061933254EBB60008C91AD /* test_ft_strlcat.c */; };
		0D061936254EBB88008C91AD /* test_ft_strlcpy.c in Sources */ = {isa = PBXBuildFile; fileRef = 0D061935254EBB88008C91AD /* test_ft_strlcpy.c */; };
		0D061938254ED05C008C91AD /* ft_strdup.c in Sources */ = {isa = PBXBuildFile; fileRef = 0D061937254ED05C008C91AD /* ft_strdup.c */; };
		0D06193A254ED0B3008C91AD /* test_ft_strdup.c in Sources */ = {isa = PBXBuildFile; fileRef = 0D061939254ED0B3008C91AD /* test_ft_strdup.c */; };
		0D06193C254F0C8C008C91AD /* ft_substr.c in Sources */ = {isa = PBXBuildFile; fileRef = 0D06193B254F0C8C008C91AD /* ft_substr.c */; };
		0D06193E254F0D6B008C91AD /* test_ft_substr.c in Sources */ = {isa = PBXBuildFile; fileRef = 0D06193D254F0D6B008C91AD /* test_ft_substr.c */; };
		0D061940254F15A1008C91AD /* ft_strjoin.c in Sources */ = {isa = PBXBuildFile; fileRef = 0D06193F254F15A1008C91AD /* ft_strjoin.c */; };
		0D061942254F15EB008C91AD /* test_ft_strjoin.c in Sources */ = {isa = PBXBuildFile; fileRef = 0D061941254F15EB008C91AD /* test_ft_strjoin.c */; };
		0D061944254F214C008C91AD /* ft_strtrim.c in Sources */ = {isa = PBXBuildFile; fileRef = 0D061943254F214C008C91AD /* ft_strtrim.c */; };
		0D061946254F2191008C91AD /* test_ft_strtrim.c in Sources */ = {isa = PBXBuildFile; fileRef = 0D061945254F2191008C91AD /* test_ft_strtrim.c */; };
		A3A66A3425481CA400423CEB /* main.c in Sources */ = {isa = PBXBuildFile; fileRef = A3A66A3325481CA400423CEB /* main.c */; };
		A3A66AB4254C1F2200423CEB /* ft_isascii.c in Sources */ = {isa = PBXBuildFile; fileRef = A3A66AA5254C1F2200423CEB /* ft_isascii.c */; };
		A3A66AB5254C1F2200423CEB /* ft_bzero.c in Sources */ = {isa = PBXBuildFile; fileRef = A3A66AA6254C1F2200423CEB /* ft_bzero.c */; };
		A3A66AB6254C1F2200423CEB /* ft_strncmp.c in Sources */ = {isa = PBXBuildFile; fileRef = A3A66AA7254C1F2200423CEB /* ft_strncmp.c */; };
		A3A66AB7254C1F2200423CEB /* ft_memcpy.c in Sources */ = {isa = PBXBuildFile; fileRef = A3A66AA8254C1F2200423CEB /* ft_memcpy.c */; };
		A3A66AB8254C1F2200423CEB /* ft_strlen.c in Sources */ = {isa = PBXBuildFile; fileRef = A3A66AA9254C1F2200423CEB /* ft_strlen.c */; };
		A3A66AB9254C1F2200423CEB /* ft_strnstr.c in Sources */ = {isa = PBXBuildFile; fileRef = A3A66AAA254C1F2200423CEB /* ft_strnstr.c */; };
		A3A66ABA254C1F2200423CEB /* ft_toupper.c in Sources */ = {isa = PBXBuildFile; fileRef = A3A66AAB254C1F2200423CEB /* ft_toupper.c */; };
		A3A66ABB254C1F2200423CEB /* ft_isalnum.c in Sources */ = {isa = PBXBuildFile; fileRef = A3A66AAC254C1F2200423CEB /* ft_isalnum.c */; };
		A3A66ABC254C1F2200423CEB /* ft_isdigit.c in Sources */ = {isa = PBXBuildFile; fileRef = A3A66AAD254C1F2200423CEB /* ft_isdigit.c */; };
		A3A66ABD254C1F2200423CEB /* ft_memset.c in Sources */ = {isa = PBXBuildFile; fileRef = A3A66AAE254C1F2200423CEB /* ft_memset.c */; };
		A3A66ABE254C1F2200423CEB /* ft_isprint.c in Sources */ = {isa = PBXBuildFile; fileRef = A3A66AAF254C1F2200423CEB /* ft_isprint.c */; };
		A3A66ABF254C1F2200423CEB /* ft_strchr.c in Sources */ = {isa = PBXBuildFile; fileRef = A3A66AB0254C1F2200423CEB /* ft_strchr.c */; };
		A3A66AC0254C1F2200423CEB /* ft_isalpha.c in Sources */ = {isa = PBXBuildFile; fileRef = A3A66AB1254C1F2200423CEB /* ft_isalpha.c */; };
		A3A66AC1254C1F2200423CEB /* ft_atoi.c in Sources */ = {isa = PBXBuildFile; fileRef = A3A66AB2254C1F2200423CEB /* ft_atoi.c */; };
		A3A66AC2254C1F2200423CEB /* ft_tolower.c in Sources */ = {isa = PBXBuildFile; fileRef = A3A66AB3254C1F2200423CEB /* ft_tolower.c */; };
		A3A66AD3254C1F3600423CEB /* test_ft_bzero.c in Sources */ = {isa = PBXBuildFile; fileRef = A3A66AC5254C1F3500423CEB /* test_ft_bzero.c */; };
		A3A66AD4254C1F3600423CEB /* test_ft_isdigit.c in Sources */ = {isa = PBXBuildFile; fileRef = A3A66AC6254C1F3500423CEB /* test_ft_isdigit.c */; };
		A3A66AD5254C1F3600423CEB /* test_ft_strnstr.c in Sources */ = {isa = PBXBuildFile; fileRef = A3A66AC7254C1F3500423CEB /* test_ft_strnstr.c */; };
		A3A66AD6254C1F3600423CEB /* test_ft_strchr.c in Sources */ = {isa = PBXBuildFile; fileRef = A3A66AC8254C1F3500423CEB /* test_ft_strchr.c */; };
		A3A66AD7254C1F3600423CEB /* test_isalpha.c in Sources */ = {isa = PBXBuildFile; fileRef = A3A66AC9254C1F3500423CEB /* test_isalpha.c */; };
		A3A66AD8254C1F3600423CEB /* test_ft_memset.c in Sources */ = {isa = PBXBuildFile; fileRef = A3A66ACA254C1F3500423CEB /* test_ft_memset.c */; };
		A3A66AD9254C1F3600423CEB /* test_ft_isalnum.c in Sources */ = {isa = PBXBuildFile; fileRef = A3A66ACB254C1F3500423CEB /* test_ft_isalnum.c */; };
		A3A66ADA254C1F3600423CEB /* test_ft_isascii.c in Sources */ = {isa = PBXBuildFile; fileRef = A3A66ACC254C1F3500423CEB /* test_ft_isascii.c */; };
		A3A66ADB254C1F3600423CEB /* test_ft_strncmp.c in Sources */ = {isa = PBXBuildFile; fileRef = A3A66ACD254C1F3500423CEB /* test_ft_strncmp.c */; };
		A3A66ADC254C1F3600423CEB /* test_ft_atoi.c in Sources */ = {isa = PBXBuildFile; fileRef = A3A66ACE254C1F3500423CEB /* test_ft_atoi.c */; };
		A3A66ADD254C1F3600423CEB /* test_strlen.c in Sources */ = {isa = PBXBuildFile; fileRef = A3A66ACF254C1F3500423CEB /* test_strlen.c */; };
		A3A66ADE254C1F3600423CEB /* test_ft_tolower.c in Sources */ = {isa = PBXBuildFile; fileRef = A3A66AD0254C1F3500423CEB /* test_ft_tolower.c */; };
		A3A66ADF254C1F3600423CEB /* test_toupper.c in Sources */ = {isa = PBXBuildFile; fileRef = A3A66AD1254C1F3500423CEB /* test_toupper.c */; };
		A3A66AE0254C1F3600423CEB /* test_ft_isprint.c in Sources */ = {isa = PBXBuildFile; fileRef = A3A66AD2254C1F3500423CEB /* test_ft_isprint.c */; };
		A3A66AE5254C217200423CEB /* test_ft_strrchr.c in Sources */ = {isa = PBXBuildFile; fileRef = A3A66AE4254C217200423CEB /* test_ft_strrchr.c */; };
		A3A66AE8254C218200423CEB /* ft_strrchr.c in Sources */ = {isa = PBXBuildFile; fileRef = A3A66AE7254C218200423CEB /* ft_strrchr.c */; };
		A3A66B03254DFB7200423CEB /* test_ft_memcpy.c in Sources */ = {isa = PBXBuildFile; fileRef = A3A66B00254DFB7100423CEB /* test_ft_memcpy.c */; };
		A3A66B04254DFB7200423CEB /* test_ft_memccpy.c in Sources */ = {isa = PBXBuildFile; fileRef = A3A66B01254DFB7200423CEB /* test_ft_memccpy.c */; };
		A3A66B05254DFB7200423CEB /* test_ft_memmove.c in Sources */ = {isa = PBXBuildFile; fileRef = A3A66B02254DFB7200423CEB /* test_ft_memmove.c */; };
		A3A66B0B254DFBA400423CEB /* ft_memchr.c in Sources */ = {isa = PBXBuildFile; fileRef = A3A66B08254DFBA400423CEB /* ft_memchr.c */; };
		A3A66B0C254DFBA400423CEB /* ft_memccpy.c in Sources */ = {isa = PBXBuildFile; fileRef = A3A66B09254DFBA400423CEB /* ft_memccpy.c */; };
		A3A66B0D254DFBA400423CEB /* ft_memmove.c in Sources */ = {isa = PBXBuildFile; fileRef = A3A66B0A254DFBA400423CEB /* ft_memmove.c */; };
/* End PBXBuildFile section */

/* Begin PBXCopyFilesBuildPhase section */
		A3A66A2E25481CA400423CEB /* CopyFiles */ = {
			isa = PBXCopyFilesBuildPhase;
			buildActionMask = 2147483647;
			dstPath = /usr/share/man/man1/;
			dstSubfolderSpec = 0;
			files = (
			);
			runOnlyForDeploymentPostprocessing = 1;
		};
/* End PBXCopyFilesBuildPhase section */

/* Begin PBXFileReference section */
		0D061925254EB831008C91AD /* ft_calloc.c */ = {isa = PBXFileReference; lastKnownFileType = sourcecode.c.c; path = ft_calloc.c; sourceTree = "<group>"; };
		0D061927254EB8F5008C91AD /* ft_memcmp.c */ = {isa = PBXFileReference; lastKnownFileType = sourcecode.c.c; path = ft_memcmp.c; sourceTree = "<group>"; };
		0D061929254EB94E008C91AD /* ft_strlcat.c */ = {isa = PBXFileReference; lastKnownFileType = sourcecode.c.c; path = ft_strlcat.c; sourceTree = "<group>"; };
		0D06192B254EB96E008C91AD /* ft_strlcpy.c */ = {isa = PBXFileReference; lastKnownFileType = sourcecode.c.c; path = ft_strlcpy.c; sourceTree = "<group>"; };
		0D06192D254EBAC3008C91AD /* test_ft_calloc.c */ = {isa = PBXFileReference; lastKnownFileType = sourcecode.c.c; path = test_ft_calloc.c; sourceTree = "<group>"; };
		0D06192F254EBAF8008C91AD /* test_ft_memchr.c */ = {isa = PBXFileReference; lastKnownFileType = sourcecode.c.c; path = test_ft_memchr.c; sourceTree = "<group>"; };
		0D061931254EBB2B008C91AD /* test_ft_memcmp.c */ = {isa = PBXFileReference; lastKnownFileType = sourcecode.c.c; path = test_ft_memcmp.c; sourceTree = "<group>"; };
		0D061933254EBB60008C91AD /* test_ft_strlcat.c */ = {isa = PBXFileReference; lastKnownFileType = sourcecode.c.c; path = test_ft_strlcat.c; sourceTree = "<group>"; };
		0D061935254EBB88008C91AD /* test_ft_strlcpy.c */ = {isa = PBXFileReference; lastKnownFileType = sourcecode.c.c; path = test_ft_strlcpy.c; sourceTree = "<group>"; };
		0D061937254ED05C008C91AD /* ft_strdup.c */ = {isa = PBXFileReference; lastKnownFileType = sourcecode.c.c; path = ft_strdup.c; sourceTree = "<group>"; };
		0D061939254ED0B3008C91AD /* test_ft_strdup.c */ = {isa = PBXFileReference; lastKnownFileType = sourcecode.c.c; path = test_ft_strdup.c; sourceTree = "<group>"; };
		0D06193B254F0C8C008C91AD /* ft_substr.c */ = {isa = PBXFileReference; lastKnownFileType = sourcecode.c.c; path = ft_substr.c; sourceTree = "<group>"; };
		0D06193D254F0D6B008C91AD /* test_ft_substr.c */ = {isa = PBXFileReference; lastKnownFileType = sourcecode.c.c; path = test_ft_substr.c; sourceTree = "<group>"; };
		0D06193F254F15A1008C91AD /* ft_strjoin.c */ = {isa = PBXFileReference; lastKnownFileType = sourcecode.c.c; path = ft_strjoin.c; sourceTree = "<group>"; };
		0D061941254F15EB008C91AD /* test_ft_strjoin.c */ = {isa = PBXFileReference; lastKnownFileType = sourcecode.c.c; path = test_ft_strjoin.c; sourceTree = "<group>"; };
		0D061943254F214C008C91AD /* ft_strtrim.c */ = {isa = PBXFileReference; lastKnownFileType = sourcecode.c.c; path = ft_strtrim.c; sourceTree = "<group>"; };
		0D061945254F2191008C91AD /* test_ft_strtrim.c */ = {isa = PBXFileReference; lastKnownFileType = sourcecode.c.c; path = test_ft_strtrim.c; sourceTree = "<group>"; };
		A3A66A3025481CA400423CEB /* lib_ft */ = {isa = PBXFileReference; explicitFileType = "compiled.mach-o.executable"; includeInIndex = 0; path = lib_ft; sourceTree = BUILT_PRODUCTS_DIR; };
		A3A66A3325481CA400423CEB /* main.c */ = {isa = PBXFileReference; lastKnownFileType = sourcecode.c.c; path = main.c; sourceTree = "<group>"; };
		A3A66A3F25481E1000423CEB /* libft.h */ = {isa = PBXFileReference; lastKnownFileType = sourcecode.c.h; path = libft.h; sourceTree = "<group>"; };
		A3A66A4225481EE600423CEB /* test_libft.h */ = {isa = PBXFileReference; lastKnownFileType = sourcecode.c.h; path = test_libft.h; sourceTree = "<group>"; };
		A3A66AA5254C1F2200423CEB /* ft_isascii.c */ = {isa = PBXFileReference; fileEncoding = 4; lastKnownFileType = sourcecode.c.c; path = ft_isascii.c; sourceTree = "<group>"; };
		A3A66AA6254C1F2200423CEB /* ft_bzero.c */ = {isa = PBXFileReference; fileEncoding = 4; lastKnownFileType = sourcecode.c.c; path = ft_bzero.c; sourceTree = "<group>"; };
		A3A66AA7254C1F2200423CEB /* ft_strncmp.c */ = {isa = PBXFileReference; fileEncoding = 4; lastKnownFileType = sourcecode.c.c; path = ft_strncmp.c; sourceTree = "<group>"; };
		A3A66AA8254C1F2200423CEB /* ft_memcpy.c */ = {isa = PBXFileReference; fileEncoding = 4; lastKnownFileType = sourcecode.c.c; path = ft_memcpy.c; sourceTree = "<group>"; };
		A3A66AA9254C1F2200423CEB /* ft_strlen.c */ = {isa = PBXFileReference; fileEncoding = 4; lastKnownFileType = sourcecode.c.c; path = ft_strlen.c; sourceTree = "<group>"; };
		A3A66AAA254C1F2200423CEB /* ft_strnstr.c */ = {isa = PBXFileReference; fileEncoding = 4; lastKnownFileType = sourcecode.c.c; path = ft_strnstr.c; sourceTree = "<group>"; };
		A3A66AAB254C1F2200423CEB /* ft_toupper.c */ = {isa = PBXFileReference; fileEncoding = 4; lastKnownFileType = sourcecode.c.c; path = ft_toupper.c; sourceTree = "<group>"; };
		A3A66AAC254C1F2200423CEB /* ft_isalnum.c */ = {isa = PBXFileReference; fileEncoding = 4; lastKnownFileType = sourcecode.c.c; path = ft_isalnum.c; sourceTree = "<group>"; };
		A3A66AAD254C1F2200423CEB /* ft_isdigit.c */ = {isa = PBXFileReference; fileEncoding = 4; lastKnownFileType = sourcecode.c.c; path = ft_isdigit.c; sourceTree = "<group>"; };
		A3A66AAE254C1F2200423CEB /* ft_memset.c */ = {isa = PBXFileReference; fileEncoding = 4; lastKnownFileType = sourcecode.c.c; path = ft_memset.c; sourceTree = "<group>"; };
		A3A66AAF254C1F2200423CEB /* ft_isprint.c */ = {isa = PBXFileReference; fileEncoding = 4; lastKnownFileType = sourcecode.c.c; path = ft_isprint.c; sourceTree = "<group>"; };
		A3A66AB0254C1F2200423CEB /* ft_strchr.c */ = {isa = PBXFileReference; fileEncoding = 4; lastKnownFileType = sourcecode.c.c; path = ft_strchr.c; sourceTree = "<group>"; };
		A3A66AB1254C1F2200423CEB /* ft_isalpha.c */ = {isa = PBXFileReference; fileEncoding = 4; lastKnownFileType = sourcecode.c.c; path = ft_isalpha.c; sourceTree = "<group>"; };
		A3A66AB2254C1F2200423CEB /* ft_atoi.c */ = {isa = PBXFileReference; fileEncoding = 4; lastKnownFileType = sourcecode.c.c; path = ft_atoi.c; sourceTree = "<group>"; };
		A3A66AB3254C1F2200423CEB /* ft_tolower.c */ = {isa = PBXFileReference; fileEncoding = 4; lastKnownFileType = sourcecode.c.c; path = ft_tolower.c; sourceTree = "<group>"; };
		A3A66AC5254C1F3500423CEB /* test_ft_bzero.c */ = {isa = PBXFileReference; fileEncoding = 4; lastKnownFileType = sourcecode.c.c; path = test_ft_bzero.c; sourceTree = "<group>"; };
		A3A66AC6254C1F3500423CEB /* test_ft_isdigit.c */ = {isa = PBXFileReference; fileEncoding = 4; lastKnownFileType = sourcecode.c.c; path = test_ft_isdigit.c; sourceTree = "<group>"; };
		A3A66AC7254C1F3500423CEB /* test_ft_strnstr.c */ = {isa = PBXFileReference; fileEncoding = 4; lastKnownFileType = sourcecode.c.c; path = test_ft_strnstr.c; sourceTree = "<group>"; };
		A3A66AC8254C1F3500423CEB /* test_ft_strchr.c */ = {isa = PBXFileReference; fileEncoding = 4; lastKnownFileType = sourcecode.c.c; path = test_ft_strchr.c; sourceTree = "<group>"; };
		A3A66AC9254C1F3500423CEB /* test_isalpha.c */ = {isa = PBXFileReference; fileEncoding = 4; lastKnownFileType = sourcecode.c.c; path = test_isalpha.c; sourceTree = "<group>"; };
		A3A66ACA254C1F3500423CEB /* test_ft_memset.c */ = {isa = PBXFileReference; fileEncoding = 4; lastKnownFileType = sourcecode.c.c; path = test_ft_memset.c; sourceTree = "<group>"; };
		A3A66ACB254C1F3500423CEB /* test_ft_isalnum.c */ = {isa = PBXFileReference; fileEncoding = 4; lastKnownFileType = sourcecode.c.c; path = test_ft_isalnum.c; sourceTree = "<group>"; };
		A3A66ACC254C1F3500423CEB /* test_ft_isascii.c */ = {isa = PBXFileReference; fileEncoding = 4; lastKnownFileType = sourcecode.c.c; path = test_ft_isascii.c; sourceTree = "<group>"; };
		A3A66ACD254C1F3500423CEB /* test_ft_strncmp.c */ = {isa = PBXFileReference; fileEncoding = 4; lastKnownFileType = sourcecode.c.c; path = test_ft_strncmp.c; sourceTree = "<group>"; };
		A3A66ACE254C1F3500423CEB /* test_ft_atoi.c */ = {isa = PBXFileReference; fileEncoding = 4; lastKnownFileType = sourcecode.c.c; path = test_ft_atoi.c; sourceTree = "<group>"; };
		A3A66ACF254C1F3500423CEB /* test_strlen.c */ = {isa = PBXFileReference; fileEncoding = 4; lastKnownFileType = sourcecode.c.c; path = test_strlen.c; sourceTree = "<group>"; };
		A3A66AD0254C1F3500423CEB /* test_ft_tolower.c */ = {isa = PBXFileReference; fileEncoding = 4; lastKnownFileType = sourcecode.c.c; path = test_ft_tolower.c; sourceTree = "<group>"; };
		A3A66AD1254C1F3500423CEB /* test_toupper.c */ = {isa = PBXFileReference; fileEncoding = 4; lastKnownFileType = sourcecode.c.c; path = test_toupper.c; sourceTree = "<group>"; };
		A3A66AD2254C1F3500423CEB /* test_ft_isprint.c */ = {isa = PBXFileReference; fileEncoding = 4; lastKnownFileType = sourcecode.c.c; path = test_ft_isprint.c; sourceTree = "<group>"; };
		A3A66AE4254C217200423CEB /* test_ft_strrchr.c */ = {isa = PBXFileReference; fileEncoding = 4; lastKnownFileType = sourcecode.c.c; path = test_ft_strrchr.c; sourceTree = "<group>"; };
		A3A66AE7254C218200423CEB /* ft_strrchr.c */ = {isa = PBXFileReference; fileEncoding = 4; lastKnownFileType = sourcecode.c.c; path = ft_strrchr.c; sourceTree = "<group>"; };
		A3A66B00254DFB7100423CEB /* test_ft_memcpy.c */ = {isa = PBXFileReference; fileEncoding = 4; lastKnownFileType = sourcecode.c.c; path = test_ft_memcpy.c; sourceTree = "<group>"; };
		A3A66B01254DFB7200423CEB /* test_ft_memccpy.c */ = {isa = PBXFileReference; fileEncoding = 4; lastKnownFileType = sourcecode.c.c; path = test_ft_memccpy.c; sourceTree = "<group>"; };
		A3A66B02254DFB7200423CEB /* test_ft_memmove.c */ = {isa = PBXFileReference; fileEncoding = 4; lastKnownFileType = sourcecode.c.c; path = test_ft_memmove.c; sourceTree = "<group>"; };
		A3A66B08254DFBA400423CEB /* ft_memchr.c */ = {isa = PBXFileReference; fileEncoding = 4; lastKnownFileType = sourcecode.c.c; path = ft_memchr.c; sourceTree = "<group>"; };
		A3A66B09254DFBA400423CEB /* ft_memccpy.c */ = {isa = PBXFileReference; fileEncoding = 4; lastKnownFileType = sourcecode.c.c; path = ft_memccpy.c; sourceTree = "<group>"; };
		A3A66B0A254DFBA400423CEB /* ft_memmove.c */ = {isa = PBXFileReference; fileEncoding = 4; lastKnownFileType = sourcecode.c.c; path = ft_memmove.c; sourceTree = "<group>"; };
/* End PBXFileReference section */

/* Begin PBXFrameworksBuildPhase section */
		A3A66A2D25481CA400423CEB /* Frameworks */ = {
			isa = PBXFrameworksBuildPhase;
			buildActionMask = 2147483647;
			files = (
			);
			runOnlyForDeploymentPostprocessing = 0;
		};
/* End PBXFrameworksBuildPhase section */

/* Begin PBXGroup section */
		A3A66A2725481CA400423CEB = {
			isa = PBXGroup;
			children = (
				A3A66A3225481CA400423CEB /* lib_ft */,
				A3A66A3125481CA400423CEB /* Products */,
			);
			sourceTree = "<group>";
		};
		A3A66A3125481CA400423CEB /* Products */ = {
			isa = PBXGroup;
			children = (
				A3A66A3025481CA400423CEB /* lib_ft */,
			);
			name = Products;
			sourceTree = "<group>";
		};
		A3A66A3225481CA400423CEB /* lib_ft */ = {
			isa = PBXGroup;
			children = (
				A3A66A4125481EBF00423CEB /* tests */,
				A3A66A3B25481DBB00423CEB /* functions */,
				A3A66A3325481CA400423CEB /* main.c */,
			);
			path = lib_ft;
			sourceTree = "<group>";
		};
		A3A66A3B25481DBB00423CEB /* functions */ = {
			isa = PBXGroup;
			children = (
				A3A66A3F25481E1000423CEB /* libft.h */,
				A3A66AB2254C1F2200423CEB /* ft_atoi.c */,
				A3A66AA6254C1F2200423CEB /* ft_bzero.c */,
				0D061925254EB831008C91AD /* ft_calloc.c */,
				A3A66AAC254C1F2200423CEB /* ft_isalnum.c */,
				A3A66AB1254C1F2200423CEB /* ft_isalpha.c */,
				A3A66AA5254C1F2200423CEB /* ft_isascii.c */,
				A3A66AAD254C1F2200423CEB /* ft_isdigit.c */,
				A3A66AAF254C1F2200423CEB /* ft_isprint.c */,
				A3A66B09254DFBA400423CEB /* ft_memccpy.c */,
				A3A66B08254DFBA400423CEB /* ft_memchr.c */,
				0D061927254EB8F5008C91AD /* ft_memcmp.c */,
				A3A66AA8254C1F2200423CEB /* ft_memcpy.c */,
				A3A66B0A254DFBA400423CEB /* ft_memmove.c */,
				A3A66AAE254C1F2200423CEB /* ft_memset.c */,
				A3A66AB0254C1F2200423CEB /* ft_strchr.c */,
				0D061929254EB94E008C91AD /* ft_strlcat.c */,
				0D06192B254EB96E008C91AD /* ft_strlcpy.c */,
				A3A66AA9254C1F2200423CEB /* ft_strlen.c */,
				A3A66AA7254C1F2200423CEB /* ft_strncmp.c */,
				A3A66AAA254C1F2200423CEB /* ft_strnstr.c */,
				A3A66AE7254C218200423CEB /* ft_strrchr.c */,
				A3A66AB3254C1F2200423CEB /* ft_tolower.c */,
				A3A66AAB254C1F2200423CEB /* ft_toupper.c */,
				0D061937254ED05C008C91AD /* ft_strdup.c */,
				0D06193B254F0C8C008C91AD /* ft_substr.c */,
				0D06193F254F15A1008C91AD /* ft_strjoin.c */,
				0D061943254F214C008C91AD /* ft_strtrim.c */,
			);
			path = functions;
			sourceTree = "<group>";
		};
		A3A66A4125481EBF00423CEB /* tests */ = {
			isa = PBXGroup;
			children = (
				A3A66A4225481EE600423CEB /* test_libft.h */,
				A3A66ACE254C1F3500423CEB /* test_ft_atoi.c */,
				A3A66AC5254C1F3500423CEB /* test_ft_bzero.c */,
				0D06192D254EBAC3008C91AD /* test_ft_calloc.c */,
				A3A66ACB254C1F3500423CEB /* test_ft_isalnum.c */,
				A3A66ACC254C1F3500423CEB /* test_ft_isascii.c */,
				A3A66AC6254C1F3500423CEB /* test_ft_isdigit.c */,
				A3A66AD2254C1F3500423CEB /* test_ft_isprint.c */,
				A3A66B01254DFB7200423CEB /* test_ft_memccpy.c */,
				0D06192F254EBAF8008C91AD /* test_ft_memchr.c */,
				A3A66B00254DFB7100423CEB /* test_ft_memcpy.c */,
				A3A66B02254DFB7200423CEB /* test_ft_memmove.c */,
				A3A66ACA254C1F3500423CEB /* test_ft_memset.c */,
				A3A66AC8254C1F3500423CEB /* test_ft_strchr.c */,
				A3A66ACD254C1F3500423CEB /* test_ft_strncmp.c */,
				A3A66AC7254C1F3500423CEB /* test_ft_strnstr.c */,
				A3A66AE4254C217200423CEB /* test_ft_strrchr.c */,
				A3A66AD0254C1F3500423CEB /* test_ft_tolower.c */,
				A3A66AC9254C1F3500423CEB /* test_isalpha.c */,
				A3A66ACF254C1F3500423CEB /* test_strlen.c */,
				A3A66AD1254C1F3500423CEB /* test_toupper.c */,
				0D061931254EBB2B008C91AD /* test_ft_memcmp.c */,
				0D061933254EBB60008C91AD /* test_ft_strlcat.c */,
				0D061935254EBB88008C91AD /* test_ft_strlcpy.c */,
				0D061939254ED0B3008C91AD /* test_ft_strdup.c */,
				0D06193D254F0D6B008C91AD /* test_ft_substr.c */,
				0D061941254F15EB008C91AD /* test_ft_strjoin.c */,
				0D061945254F2191008C91AD /* test_ft_strtrim.c */,
			);
			path = tests;
			sourceTree = "<group>";
		};
/* End PBXGroup section */

/* Begin PBXNativeTarget section */
		A3A66A2F25481CA400423CEB /* lib_ft */ = {
			isa = PBXNativeTarget;
			buildConfigurationList = A3A66A3725481CA400423CEB /* Build configuration list for PBXNativeTarget "lib_ft" */;
			buildPhases = (
				A3A66A2C25481CA400423CEB /* Sources */,
				A3A66A2D25481CA400423CEB /* Frameworks */,
				A3A66A2E25481CA400423CEB /* CopyFiles */,
				A3A66A6C2548660F00423CEB /* ShellScript */,
			);
			buildRules = (
			);
			dependencies = (
			);
			name = lib_ft;
			productName = lib_ft;
			productReference = A3A66A3025481CA400423CEB /* lib_ft */;
			productType = "com.apple.product-type.tool";
		};
/* End PBXNativeTarget section */

/* Begin PBXProject section */
		A3A66A2825481CA400423CEB /* Project object */ = {
			isa = PBXProject;
			attributes = {
				LastUpgradeCheck = 1210;
				TargetAttributes = {
					A3A66A2F25481CA400423CEB = {
						CreatedOnToolsVersion = 12.1;
					};
				};
			};
			buildConfigurationList = A3A66A2B25481CA400423CEB /* Build configuration list for PBXProject "lib_ft" */;
			compatibilityVersion = "Xcode 9.3";
			developmentRegion = en;
			hasScannedForEncodings = 0;
			knownRegions = (
				en,
				Base,
			);
			mainGroup = A3A66A2725481CA400423CEB;
			productRefGroup = A3A66A3125481CA400423CEB /* Products */;
			projectDirPath = "";
			projectRoot = "";
			targets = (
				A3A66A2F25481CA400423CEB /* lib_ft */,
			);
		};
/* End PBXProject section */

/* Begin PBXShellScriptBuildPhase section */
		A3A66A6C2548660F00423CEB /* ShellScript */ = {
			isa = PBXShellScriptBuildPhase;
			buildActionMask = 2147483647;
			files = (
			);
			inputFileListPaths = (
			);
			inputPaths = (
			);
			outputFileListPaths = (
			);
			outputPaths = (
			);
			runOnlyForDeploymentPostprocessing = 0;
			shellPath = /bin/sh;
			shellScript = "norminette \"$SRCROOT/lib_ft/functions/\"\n";
		};
/* End PBXShellScriptBuildPhase section */

/* Begin PBXSourcesBuildPhase section */
		A3A66A2C25481CA400423CEB /* Sources */ = {
			isa = PBXSourcesBuildPhase;
			buildActionMask = 2147483647;
			files = (
				A3A66ABD254C1F2200423CEB /* ft_memset.c in Sources */,
				A3A66AD3254C1F3600423CEB /* test_ft_bzero.c in Sources */,
				A3A66AB8254C1F2200423CEB /* ft_strlen.c in Sources */,
				0D06192C254EB96E008C91AD /* ft_strlcpy.c in Sources */,
				0D061932254EBB2B008C91AD /* test_ft_memcmp.c in Sources */,
				0D06193E254F0D6B008C91AD /* test_ft_substr.c in Sources */,
				A3A66AB7254C1F2200423CEB /* ft_memcpy.c in Sources */,
				A3A66B0C254DFBA400423CEB /* ft_memccpy.c in Sources */,
				0D061938254ED05C008C91AD /* ft_strdup.c in Sources */,
				A3A66ADF254C1F3600423CEB /* test_toupper.c in Sources */,
				A3A66AB5254C1F2200423CEB /* ft_bzero.c in Sources */,
				0D061944254F214C008C91AD /* ft_strtrim.c in Sources */,
				A3A66ABB254C1F2200423CEB /* ft_isalnum.c in Sources */,
				A3A66AD8254C1F3600423CEB /* test_ft_memset.c in Sources */,
				0D061934254EBB60008C91AD /* test_ft_strlcat.c in Sources */,
				A3A66ADA254C1F3600423CEB /* test_ft_isascii.c in Sources */,
				0D06193C254F0C8C008C91AD /* ft_substr.c in Sources */,
				0D061946254F2191008C91AD /* test_ft_strtrim.c in Sources */,
				A3A66ADC254C1F3600423CEB /* test_ft_atoi.c in Sources */,
				A3A66ABE254C1F2200423CEB /* ft_isprint.c in Sources */,
				0D061928254EB8F5008C91AD /* ft_memcmp.c in Sources */,
				A3A66A3425481CA400423CEB /* main.c in Sources */,
				A3A66AC0254C1F2200423CEB /* ft_isalpha.c in Sources */,
				A3A66B04254DFB7200423CEB /* test_ft_memccpy.c in Sources */,
				0D061930254EBAF8008C91AD /* test_ft_memchr.c in Sources */,
				A3A66ABA254C1F2200423CEB /* ft_toupper.c in Sources */,
				A3A66AB6254C1F2200423CEB /* ft_strncmp.c in Sources */,
				A3A66AD9254C1F3600423CEB /* test_ft_isalnum.c in Sources */,
				A3A66ADB254C1F3600423CEB /* test_ft_strncmp.c in Sources */,
				A3A66AE5254C217200423CEB /* test_ft_strrchr.c in Sources */,
				A3A66AB4254C1F2200423CEB /* ft_isascii.c in Sources */,
				A3A66ADD254C1F3600423CEB /* test_strlen.c in Sources */,
				A3A66ADE254C1F3600423CEB /* test_ft_tolower.c in Sources */,
				A3A66AB9254C1F2200423CEB /* ft_strnstr.c in Sources */,
				0D061926254EB831008C91AD /* ft_calloc.c in Sources */,
				A3A66AE0254C1F3600423CEB /* test_ft_isprint.c in Sources */,
				A3A66AD4254C1F3600423CEB /* test_ft_isdigit.c in Sources */,
				A3A66B05254DFB7200423CEB /* test_ft_memmove.c in Sources */,
				A3A66B0B254DFBA400423CEB /* ft_memchr.c in Sources */,
				A3A66ABF254C1F2200423CEB /* ft_strchr.c in Sources */,
				0D06192A254EB94E008C91AD /* ft_strlcat.c in Sources */,
				0D061936254EBB88008C91AD /* test_ft_strlcpy.c in Sources */,
				A3A66AD6254C1F3600423CEB /* test_ft_strchr.c in Sources */,
				A3A66AD7254C1F3600423CEB /* test_isalpha.c in Sources */,
				0D06193A254ED0B3008C91AD /* test_ft_strdup.c in Sources */,
				0D061940254F15A1008C91AD /* ft_strjoin.c in Sources */,
				A3A66AC1254C1F2200423CEB /* ft_atoi.c in Sources */,
				A3A66AD5254C1F3600423CEB /* test_ft_strnstr.c in Sources */,
				A3A66B0D254DFBA400423CEB /* ft_memmove.c in Sources */,
				A3A66ABC254C1F2200423CEB /* ft_isdigit.c in Sources */,
				0D06192E254EBAC3008C91AD /* test_ft_calloc.c in Sources */,
				A3A66AE8254C218200423CEB /* ft_strrchr.c in Sources */,
				A3A66B03254DFB7200423CEB /* test_ft_memcpy.c in Sources */,
				A3A66AC2254C1F2200423CEB /* ft_tolower.c in Sources */,
				0D061942254F15EB008C91AD /* test_ft_strjoin.c in Sources */,
			);
			runOnlyForDeploymentPostprocessing = 0;
		};
/* End PBXSourcesBuildPhase section */

/* Begin XCBuildConfiguration section */
		A3A66A3525481CA400423CEB /* Debug */ = {
			isa = XCBuildConfiguration;
			buildSettings = {
				ALWAYS_SEARCH_USER_PATHS = NO;
				CLANG_ANALYZER_NONNULL = YES;
				CLANG_ANALYZER_NUMBER_OBJECT_CONVERSION = YES_AGGRESSIVE;
				CLANG_CXX_LANGUAGE_STANDARD = "gnu++14";
				CLANG_CXX_LIBRARY = "libc++";
				CLANG_ENABLE_MODULES = YES;
				CLANG_ENABLE_OBJC_ARC = YES;
				CLANG_ENABLE_OBJC_WEAK = YES;
				CLANG_WARN_BLOCK_CAPTURE_AUTORELEASING = YES;
				CLANG_WARN_BOOL_CONVERSION = YES;
				CLANG_WARN_COMMA = YES;
				CLANG_WARN_CONSTANT_CONVERSION = YES;
				CLANG_WARN_DEPRECATED_OBJC_IMPLEMENTATIONS = YES;
				CLANG_WARN_DIRECT_OBJC_ISA_USAGE = YES_ERROR;
				CLANG_WARN_DOCUMENTATION_COMMENTS = YES;
				CLANG_WARN_EMPTY_BODY = YES;
				CLANG_WARN_ENUM_CONVERSION = YES;
				CLANG_WARN_INFINITE_RECURSION = YES;
				CLANG_WARN_INT_CONVERSION = YES;
				CLANG_WARN_NON_LITERAL_NULL_CONVERSION = YES;
				CLANG_WARN_OBJC_IMPLICIT_RETAIN_SELF = YES;
				CLANG_WARN_OBJC_LITERAL_CONVERSION = YES;
				CLANG_WARN_OBJC_ROOT_CLASS = YES_ERROR;
				CLANG_WARN_QUOTED_INCLUDE_IN_FRAMEWORK_HEADER = YES;
				CLANG_WARN_RANGE_LOOP_ANALYSIS = YES;
				CLANG_WARN_STRICT_PROTOTYPES = YES;
				CLANG_WARN_SUSPICIOUS_MOVE = YES;
				CLANG_WARN_UNGUARDED_AVAILABILITY = YES_AGGRESSIVE;
				CLANG_WARN_UNREACHABLE_CODE = YES;
				CLANG_WARN__DUPLICATE_METHOD_MATCH = YES;
				COPY_PHASE_STRIP = NO;
				DEBUG_INFORMATION_FORMAT = dwarf;
				ENABLE_STRICT_OBJC_MSGSEND = YES;
				ENABLE_TESTABILITY = YES;
				GCC_C_LANGUAGE_STANDARD = gnu11;
				GCC_DYNAMIC_NO_PIC = NO;
				GCC_NO_COMMON_BLOCKS = YES;
				GCC_OPTIMIZATION_LEVEL = 0;
				GCC_PREPROCESSOR_DEFINITIONS = (
					"DEBUG=1",
					"$(inherited)",
				);
				GCC_WARN_64_TO_32_BIT_CONVERSION = YES;
				GCC_WARN_ABOUT_RETURN_TYPE = YES_ERROR;
				GCC_WARN_UNDECLARED_SELECTOR = YES;
				GCC_WARN_UNINITIALIZED_AUTOS = YES_AGGRESSIVE;
				GCC_WARN_UNUSED_FUNCTION = YES;
				GCC_WARN_UNUSED_VARIABLE = YES;
				MACOSX_DEPLOYMENT_TARGET = 10.15;
				MTL_ENABLE_DEBUG_INFO = INCLUDE_SOURCE;
				MTL_FAST_MATH = YES;
				ONLY_ACTIVE_ARCH = YES;
				SDKROOT = macosx;
			};
			name = Debug;
		};
		A3A66A3625481CA400423CEB /* Release */ = {
			isa = XCBuildConfiguration;
			buildSettings = {
				ALWAYS_SEARCH_USER_PATHS = NO;
				CLANG_ANALYZER_NONNULL = YES;
				CLANG_ANALYZER_NUMBER_OBJECT_CONVERSION = YES_AGGRESSIVE;
				CLANG_CXX_LANGUAGE_STANDARD = "gnu++14";
				CLANG_CXX_LIBRARY = "libc++";
				CLANG_ENABLE_MODULES = YES;
				CLANG_ENABLE_OBJC_ARC = YES;
				CLANG_ENABLE_OBJC_WEAK = YES;
				CLANG_WARN_BLOCK_CAPTURE_AUTORELEASING = YES;
				CLANG_WARN_BOOL_CONVERSION = YES;
				CLANG_WARN_COMMA = YES;
				CLANG_WARN_CONSTANT_CONVERSION = YES;
				CLANG_WARN_DEPRECATED_OBJC_IMPLEMENTATIONS = YES;
				CLANG_WARN_DIRECT_OBJC_ISA_USAGE = YES_ERROR;
				CLANG_WARN_DOCUMENTATION_COMMENTS = YES;
				CLANG_WARN_EMPTY_BODY = YES;
				CLANG_WARN_ENUM_CONVERSION = YES;
				CLANG_WARN_INFINITE_RECURSION = YES;
				CLANG_WARN_INT_CONVERSION = YES;
				CLANG_WARN_NON_LITERAL_NULL_CONVERSION = YES;
				CLANG_WARN_OBJC_IMPLICIT_RETAIN_SELF = YES;
				CLANG_WARN_OBJC_LITERAL_CONVERSION = YES;
				CLANG_WARN_OBJC_ROOT_CLASS = YES_ERROR;
				CLANG_WARN_QUOTED_INCLUDE_IN_FRAMEWORK_HEADER = YES;
				CLANG_WARN_RANGE_LOOP_ANALYSIS = YES;
				CLANG_WARN_STRICT_PROTOTYPES = YES;
				CLANG_WARN_SUSPICIOUS_MOVE = YES;
				CLANG_WARN_UNGUARDED_AVAILABILITY = YES_AGGRESSIVE;
				CLANG_WARN_UNREACHABLE_CODE = YES;
				CLANG_WARN__DUPLICATE_METHOD_MATCH = YES;
				COPY_PHASE_STRIP = NO;
				DEBUG_INFORMATION_FORMAT = "dwarf-with-dsym";
				ENABLE_NS_ASSERTIONS = NO;
				ENABLE_STRICT_OBJC_MSGSEND = YES;
				GCC_C_LANGUAGE_STANDARD = gnu11;
				GCC_NO_COMMON_BLOCKS = YES;
				GCC_WARN_64_TO_32_BIT_CONVERSION = YES;
				GCC_WARN_ABOUT_RETURN_TYPE = YES_ERROR;
				GCC_WARN_UNDECLARED_SELECTOR = YES;
				GCC_WARN_UNINITIALIZED_AUTOS = YES_AGGRESSIVE;
				GCC_WARN_UNUSED_FUNCTION = YES;
				GCC_WARN_UNUSED_VARIABLE = YES;
				MACOSX_DEPLOYMENT_TARGET = 10.15;
				MTL_ENABLE_DEBUG_INFO = NO;
				MTL_FAST_MATH = YES;
				SDKROOT = macosx;
			};
			name = Release;
		};
		A3A66A3825481CA400423CEB /* Debug */ = {
			isa = XCBuildConfiguration;
			buildSettings = {
				CODE_SIGN_STYLE = Automatic;
				MACOSX_DEPLOYMENT_TARGET = 10.14;
				PRODUCT_NAME = "$(TARGET_NAME)";
				WARNING_CFLAGS = "-Wwrite-strings";
			};
			name = Debug;
		};
		A3A66A3925481CA400423CEB /* Release */ = {
			isa = XCBuildConfiguration;
			buildSettings = {
				CODE_SIGN_STYLE = Automatic;
				MACOSX_DEPLOYMENT_TARGET = 10.14;
				PRODUCT_NAME = "$(TARGET_NAME)";
				WARNING_CFLAGS = "-Wwrite-strings";
			};
			name = Release;
		};
/* End XCBuildConfiguration section */

/* Begin XCConfigurationList section */
		A3A66A2B25481CA400423CEB /* Build configuration list for PBXProject "lib_ft" */ = {
			isa = XCConfigurationList;
			buildConfigurations = (
				A3A66A3525481CA400423CEB /* Debug */,
				A3A66A3625481CA400423CEB /* Release */,
			);
			defaultConfigurationIsVisible = 0;
			defaultConfigurationName = Release;
		};
		A3A66A3725481CA400423CEB /* Build configuration list for PBXNativeTarget "lib_ft" */ = {
			isa = XCConfigurationList;
			buildConfigurations = (
				A3A66A3825481CA400423CEB /* Debug */,
				A3A66A3925481CA400423CEB /* Release */,
			);
			defaultConfigurationIsVisible = 0;
			defaultConfigurationName = Release;
		};
/* End XCConfigurationList section */
	};
	rootObject = A3A66A2825481CA400423CEB /* Project object */;
}
